
Microsoft Visual Studio Solution File, Format Version 12.00
# Visual Studio 15
VisualStudioVersion = 15.0.28307.852
MinimumVisualStudioVersion = 10.0.40219.1
Project("{FAE04EC0-301F-11D3-BF4B-00C04F79EFBC}") = "B3_Speiseplan", "B3_Speiseplan\B3_Speiseplan.csproj", "{5403B477-2F00-4BBF-A1D3-9B10B884C53E}"
EndProject
Global
	GlobalSection(SolutionConfigurationPlatforms) = preSolution
		Debug|Any CPU = Debug|Any CPU
		Release|Any CPU = Release|Any CPU
	EndGlobalSection
	GlobalSection(ProjectConfigurationPlatforms) = postSolution
		{5403B477-2F00-4BBF-A1D3-9B10B884C53E}.Debug|Any CPU.ActiveCfg = Debug|Any CPU
		{5403B477-2F00-4BBF-A1D3-9B10B884C53E}.Debug|Any CPU.Build.0 = Debug|Any CPU
		{5403B477-2F00-4BBF-A1D3-9B10B884C53E}.Release|Any CPU.ActiveCfg = Release|Any CPU
		{5403B477-2F00-4BBF-A1D3-9B10B884C53E}.Release|Any CPU.Build.0 = Release|Any CPU
	EndGlobalSection
	GlobalSection(SolutionProperties) = preSolution
		HideSolutionNode = FALSE
	EndGlobalSection
	GlobalSection(ExtensibilityGlobals) = postSolution
		SolutionGuid = {CD57FE11-E885-4AAE-BF7E-55DB2C0C3F21}
	EndGlobalSection
EndGlobal
